
Microsoft Visual Studio Solution File, Format Version 12.00
# Visual Studio 15
VisualStudioVersion = 15.0.26730.10
MinimumVisualStudioVersion = 10.0.40219.1
Project("{FAE04EC0-301F-11D3-BF4B-00C04F79EFBC}") = "SDJ3", "SDJ3\SDJ3.csproj", "{3948B5B3-CEDA-45E4-B923-759E077F1F94}"
EndProject
Global
	GlobalSection(SolutionConfigurationPlatforms) = preSolution
		Debug|ARM = Debug|ARM
		Debug|x64 = Debug|x64
		Debug|x86 = Debug|x86
		Release|ARM = Release|ARM
		Release|x64 = Release|x64
		Release|x86 = Release|x86
	EndGlobalSection
	GlobalSection(ProjectConfigurationPlatforms) = postSolution
		{3948B5B3-CEDA-45E4-B923-759E077F1F94}.Debug|ARM.ActiveCfg = Debug|ARM
		{3948B5B3-CEDA-45E4-B923-759E077F1F94}.Debug|ARM.Build.0 = Debug|ARM
		{3948B5B3-CEDA-45E4-B923-759E077F1F94}.Debug|ARM.Deploy.0 = Debug|ARM
		{3948B5B3-CEDA-45E4-B923-759E077F1F94}.Debug|x64.ActiveCfg = Debug|x64
		{3948B5B3-CEDA-45E4-B923-759E077F1F94}.Debug|x64.Build.0 = Debug|x64
		{3948B5B3-CEDA-45E4-B923-759E077F1F94}.Debug|x64.Deploy.0 = Debug|x64
		{3948B5B3-CEDA-45E4-B923-759E077F1F94}.Debug|x86.ActiveCfg = Debug|x86
		{3948B5B3-CEDA-45E4-B923-759E077F1F94}.Debug|x86.Build.0 = Debug|x86
		{3948B5B3-CEDA-45E4-B923-759E077F1F94}.Debug|x86.Deploy.0 = Debug|x86
		{3948B5B3-CEDA-45E4-B923-759E077F1F94}.Release|ARM.ActiveCfg = Release|ARM
		{3948B5B3-CEDA-45E4-B923-759E077F1F94}.Release|ARM.Build.0 = Release|ARM
		{3948B5B3-CEDA-45E4-B923-759E077F1F94}.Release|ARM.Deploy.0 = Release|ARM
		{3948B5B3-CEDA-45E4-B923-759E077F1F94}.Release|x64.ActiveCfg = Release|x64
		{3948B5B3-CEDA-45E4-B923-759E077F1F94}.Release|x64.Build.0 = Release|x64
		{3948B5B3-CEDA-45E4-B923-759E077F1F94}.Release|x64.Deploy.0 = Release|x64
		{3948B5B3-CEDA-45E4-B923-759E077F1F94}.Release|x86.ActiveCfg = Release|x86
		{3948B5B3-CEDA-45E4-B923-759E077F1F94}.Release|x86.Build.0 = Release|x86
		{3948B5B3-CEDA-45E4-B923-759E077F1F94}.Release|x86.Deploy.0 = Release|x86
	EndGlobalSection
	GlobalSection(SolutionProperties) = preSolution
		HideSolutionNode = FALSE
	EndGlobalSection
	GlobalSection(ExtensibilityGlobals) = postSolution
		SolutionGuid = {F3CBCBF3-BF07-40ED-88AE-9074C3A3ADF8}
	EndGlobalSection
EndGlobal
